
Microsoft Visual Studio Solution File, Format Version 12.00
# Visual Studio Version 16
VisualStudioVersion = 16.0.30717.126
MinimumVisualStudioVersion = 10.0.40219.1
Project("{9A19103F-16F7-4668-BE54-9A1E7A4F7556}") = "Promotion_Engine", "Promotion_Engine\Promotion_Engine.csproj", "{343EE26C-802B-40C2-9428-C5C6630D0BED}"
EndProject
Project("{9A19103F-16F7-4668-BE54-9A1E7A4F7556}") = "PromotionEngineTest", "PromotionEngineTest\PromotionEngineTest.csproj", "{76879658-A61C-4EE3-BC4B-BDF8C81B9446}"
EndProject
Global
	GlobalSection(SolutionConfigurationPlatforms) = preSolution
		Debug|Any CPU = Debug|Any CPU
		Release|Any CPU = Release|Any CPU
	EndGlobalSection
	GlobalSection(ProjectConfigurationPlatforms) = postSolution
		{343EE26C-802B-40C2-9428-C5C6630D0BED}.Debug|Any CPU.ActiveCfg = Debug|Any CPU
		{343EE26C-802B-40C2-9428-C5C6630D0BED}.Debug|Any CPU.Build.0 = Debug|Any CPU
		{343EE26C-802B-40C2-9428-C5C6630D0BED}.Release|Any CPU.ActiveCfg = Release|Any CPU
		{343EE26C-802B-40C2-9428-C5C6630D0BED}.Release|Any CPU.Build.0 = Release|Any CPU
		{76879658-A61C-4EE3-BC4B-BDF8C81B9446}.Debug|Any CPU.ActiveCfg = Debug|Any CPU
		{76879658-A61C-4EE3-BC4B-BDF8C81B9446}.Debug|Any CPU.Build.0 = Debug|Any CPU
		{76879658-A61C-4EE3-BC4B-BDF8C81B9446}.Release|Any CPU.ActiveCfg = Release|Any CPU
		{76879658-A61C-4EE3-BC4B-BDF8C81B9446}.Release|Any CPU.Build.0 = Release|Any CPU
	EndGlobalSection
	GlobalSection(SolutionProperties) = preSolution
		HideSolutionNode = FALSE
	EndGlobalSection
	GlobalSection(ExtensibilityGlobals) = postSolution
		SolutionGuid = {85CE971C-23B4-47F0-B61B-9B24565EEC1D}
	EndGlobalSection
EndGlobal
